// !$*UTF8*$!
{
	archiveVersion = 1;
	classes = {
	};
	objectVersion = 56;
	objects = {

/* Begin PBXBuildFile section */
		CD884AB029A85CD900891BE8 /* AppDelegate.swift in Sources */ = {isa = PBXBuildFile; fileRef = CD884AAF29A85CD900891BE8 /* AppDelegate.swift */; };
		CD884AB229A85CD900891BE8 /* SceneDelegate.swift in Sources */ = {isa = PBXBuildFile; fileRef = CD884AB129A85CD900891BE8 /* SceneDelegate.swift */; };
		CD884AB929A85CDA00891BE8 /* Assets.xcassets in Resources */ = {isa = PBXBuildFile; fileRef = CD884AB829A85CDA00891BE8 /* Assets.xcassets */; };
		CD884ABC29A85CDA00891BE8 /* LaunchScreen.storyboard in Resources */ = {isa = PBXBuildFile; fileRef = CD884ABA29A85CDA00891BE8 /* LaunchScreen.storyboard */; };
		CDB1EB0C29AC5581004D474A /* UserCell.swift in Sources */ = {isa = PBXBuildFile; fileRef = CDB1EB0B29AC5581004D474A /* UserCell.swift */; };
		CDB1EB1429ACC40F004D474A /* ProfileViewModel.swift in Sources */ = {isa = PBXBuildFile; fileRef = CDB1EB1329ACC40F004D474A /* ProfileViewModel.swift */; };
		CDB1EB1829ACCFDD004D474A /* ExploreViewModel.swift in Sources */ = {isa = PBXBuildFile; fileRef = CDB1EB1729ACCFDD004D474A /* ExploreViewModel.swift */; };
		CDB1EB2029ACE6B7004D474A /* TweetController.swift in Sources */ = {isa = PBXBuildFile; fileRef = CDB1EB1F29ACE6B7004D474A /* TweetController.swift */; };
		CDB1EB2429ACE954004D474A /* TweetHeader.swift in Sources */ = {isa = PBXBuildFile; fileRef = CDB1EB2329ACE954004D474A /* TweetHeader.swift */; };
		CDB3405329A85DDF00D89820 /* MainTabController.swift in Sources */ = {isa = PBXBuildFile; fileRef = CDB3405229A85DDF00D89820 /* MainTabController.swift */; };
		CDB3405529A85F5000D89820 /* FeedController.swift in Sources */ = {isa = PBXBuildFile; fileRef = CDB3405429A85F5000D89820 /* FeedController.swift */; };
		CDB3405729A85F7800D89820 /* ExploreController.swift in Sources */ = {isa = PBXBuildFile; fileRef = CDB3405629A85F7800D89820 /* ExploreController.swift */; };
		CDB3405929A85F8800D89820 /* NotificationsController.swift in Sources */ = {isa = PBXBuildFile; fileRef = CDB3405829A85F8800D89820 /* NotificationsController.swift */; };
		CDB3405B29A85F9000D89820 /* ConversationsController.swift in Sources */ = {isa = PBXBuildFile; fileRef = CDB3405A29A85F9000D89820 /* ConversationsController.swift */; };
		CDB3405D29A86B4F00D89820 /* Extensions.swift in Sources */ = {isa = PBXBuildFile; fileRef = CDB3405C29A86B4F00D89820 /* Extensions.swift */; };
		CDB3406829A86F8F00D89820 /* SnapKit in Frameworks */ = {isa = PBXBuildFile; productRef = CDB3406729A86F8F00D89820 /* SnapKit */; };
		CDB3406B29A874BA00D89820 /* LoginController.swift in Sources */ = {isa = PBXBuildFile; fileRef = CDB3406A29A874BA00D89820 /* LoginController.swift */; };
		CDB3406E29A8751300D89820 /* RegistrationController.swift in Sources */ = {isa = PBXBuildFile; fileRef = CDB3406D29A8751300D89820 /* RegistrationController.swift */; };
		CDB3407029A87A1F00D89820 /* Utilities.swift in Sources */ = {isa = PBXBuildFile; fileRef = CDB3406F29A87A1F00D89820 /* Utilities.swift */; };
		CDB3407229A894E000D89820 /* GoogleService-Info.plist in Resources */ = {isa = PBXBuildFile; fileRef = CDB3407129A894E000D89820 /* GoogleService-Info.plist */; };
		CDB3407529A8965700D89820 /* FirebaseAuth in Frameworks */ = {isa = PBXBuildFile; productRef = CDB3407429A8965700D89820 /* FirebaseAuth */; };
		CDB3407729A8965700D89820 /* FirebaseDatabase in Frameworks */ = {isa = PBXBuildFile; productRef = CDB3407629A8965700D89820 /* FirebaseDatabase */; };
		CDB3407929A8965800D89820 /* FirebaseStorage in Frameworks */ = {isa = PBXBuildFile; productRef = CDB3407829A8965800D89820 /* FirebaseStorage */; };
		CDB3407B29A8A14400D89820 /* Constraints.swift in Sources */ = {isa = PBXBuildFile; fileRef = CDB3407A29A8A14400D89820 /* Constraints.swift */; };
		CDB3407D29A8ADCB00D89820 /* AuthService.swift in Sources */ = {isa = PBXBuildFile; fileRef = CDB3407C29A8ADCB00D89820 /* AuthService.swift */; };
		CDB3B5EF29AA6B44006E012B /* TweetCell.swift in Sources */ = {isa = PBXBuildFile; fileRef = CDB3B5EE29AA6B44006E012B /* TweetCell.swift */; };
		CDB5853729AB435A00A4877B /* TweetViewModel.swift in Sources */ = {isa = PBXBuildFile; fileRef = CDB5853629AB435A00A4877B /* TweetViewModel.swift */; };
		CDB5853929AB4BB100A4877B /* ProfileController.swift in Sources */ = {isa = PBXBuildFile; fileRef = CDB5853829AB4BB100A4877B /* ProfileController.swift */; };
		CDB5853B29AB517E00A4877B /* ProfileHeader.swift in Sources */ = {isa = PBXBuildFile; fileRef = CDB5853A29AB517E00A4877B /* ProfileHeader.swift */; };
		CDB5853E29AB86F700A4877B /* Then in Frameworks */ = {isa = PBXBuildFile; productRef = CDB5853D29AB86F700A4877B /* Then */; };
		CDB5854029AB96E700A4877B /* ProfileFilterView.swift in Sources */ = {isa = PBXBuildFile; fileRef = CDB5853F29AB96E700A4877B /* ProfileFilterView.swift */; };
		CDB5854229AB990700A4877B /* ProfileFilterCell.swift in Sources */ = {isa = PBXBuildFile; fileRef = CDB5854129AB990700A4877B /* ProfileFilterCell.swift */; };
		CDB5854429ABA2B700A4877B /* ProfileHeaderViewModel.swift in Sources */ = {isa = PBXBuildFile; fileRef = CDB5854329ABA2B700A4877B /* ProfileHeaderViewModel.swift */; };
		CDE7B45029A8DAF200E249A0 /* UserService.swift in Sources */ = {isa = PBXBuildFile; fileRef = CDE7B44F29A8DAF200E249A0 /* UserService.swift */; };
		CDE7B45229A8DF3F00E249A0 /* User.swift in Sources */ = {isa = PBXBuildFile; fileRef = CDE7B45129A8DF3F00E249A0 /* User.swift */; };
		CDE7B45529A8E37400E249A0 /* Kingfisher in Frameworks */ = {isa = PBXBuildFile; productRef = CDE7B45429A8E37400E249A0 /* Kingfisher */; };
		CDE7B45729A8E8BE00E249A0 /* UploadTweetController.swift in Sources */ = {isa = PBXBuildFile; fileRef = CDE7B45629A8E8BE00E249A0 /* UploadTweetController.swift */; };
		CDE7B45929A90CEE00E249A0 /* CaptionTextView.swift in Sources */ = {isa = PBXBuildFile; fileRef = CDE7B45829A90CEE00E249A0 /* CaptionTextView.swift */; };
		CDE7B45B29A91BFF00E249A0 /* TweetService.swift in Sources */ = {isa = PBXBuildFile; fileRef = CDE7B45A29A91BFF00E249A0 /* TweetService.swift */; };
		CDE7B45D29A91ED800E249A0 /* Tweet.swift in Sources */ = {isa = PBXBuildFile; fileRef = CDE7B45C29A91ED800E249A0 /* Tweet.swift */; };
/* End PBXBuildFile section */

/* Begin PBXFileReference section */
		CD884AAC29A85CD900891BE8 /* TwitterTutorial.app */ = {isa = PBXFileReference; explicitFileType = wrapper.application; includeInIndex = 0; path = TwitterTutorial.app; sourceTree = BUILT_PRODUCTS_DIR; };
		CD884AAF29A85CD900891BE8 /* AppDelegate.swift */ = {isa = PBXFileReference; lastKnownFileType = sourcecode.swift; path = AppDelegate.swift; sourceTree = "<group>"; };
		CD884AB129A85CD900891BE8 /* SceneDelegate.swift */ = {isa = PBXFileReference; lastKnownFileType = sourcecode.swift; path = SceneDelegate.swift; sourceTree = "<group>"; };
		CD884AB829A85CDA00891BE8 /* Assets.xcassets */ = {isa = PBXFileReference; lastKnownFileType = folder.assetcatalog; path = Assets.xcassets; sourceTree = "<group>"; };
		CD884ABB29A85CDA00891BE8 /* Base */ = {isa = PBXFileReference; lastKnownFileType = file.storyboard; name = Base; path = Base.lproj/LaunchScreen.storyboard; sourceTree = "<group>"; };
		CD884ABD29A85CDA00891BE8 /* Info.plist */ = {isa = PBXFileReference; lastKnownFileType = text.plist.xml; path = Info.plist; sourceTree = "<group>"; };
		CDB1EB0B29AC5581004D474A /* UserCell.swift */ = {isa = PBXFileReference; lastKnownFileType = sourcecode.swift; path = UserCell.swift; sourceTree = "<group>"; };
		CDB1EB1329ACC40F004D474A /* ProfileViewModel.swift */ = {isa = PBXFileReference; lastKnownFileType = sourcecode.swift; path = ProfileViewModel.swift; sourceTree = "<group>"; };
		CDB1EB1729ACCFDD004D474A /* ExploreViewModel.swift */ = {isa = PBXFileReference; lastKnownFileType = sourcecode.swift; path = ExploreViewModel.swift; sourceTree = "<group>"; };
		CDB1EB1F29ACE6B7004D474A /* TweetController.swift */ = {isa = PBXFileReference; lastKnownFileType = sourcecode.swift; path = TweetController.swift; sourceTree = "<group>"; };
		CDB1EB2329ACE954004D474A /* TweetHeader.swift */ = {isa = PBXFileReference; lastKnownFileType = sourcecode.swift; path = TweetHeader.swift; sourceTree = "<group>"; };
		CDB3405229A85DDF00D89820 /* MainTabController.swift */ = {isa = PBXFileReference; lastKnownFileType = sourcecode.swift; path = MainTabController.swift; sourceTree = "<group>"; };
		CDB3405429A85F5000D89820 /* FeedController.swift */ = {isa = PBXFileReference; lastKnownFileType = sourcecode.swift; path = FeedController.swift; sourceTree = "<group>"; };
		CDB3405629A85F7800D89820 /* ExploreController.swift */ = {isa = PBXFileReference; lastKnownFileType = sourcecode.swift; path = ExploreController.swift; sourceTree = "<group>"; };
		CDB3405829A85F8800D89820 /* NotificationsController.swift */ = {isa = PBXFileReference; lastKnownFileType = sourcecode.swift; path = NotificationsController.swift; sourceTree = "<group>"; };
		CDB3405A29A85F9000D89820 /* ConversationsController.swift */ = {isa = PBXFileReference; lastKnownFileType = sourcecode.swift; path = ConversationsController.swift; sourceTree = "<group>"; };
		CDB3405C29A86B4F00D89820 /* Extensions.swift */ = {isa = PBXFileReference; fileEncoding = 4; lastKnownFileType = sourcecode.swift; path = Extensions.swift; sourceTree = "<group>"; };
		CDB3406A29A874BA00D89820 /* LoginController.swift */ = {isa = PBXFileReference; lastKnownFileType = sourcecode.swift; path = LoginController.swift; sourceTree = "<group>"; };
		CDB3406D29A8751300D89820 /* RegistrationController.swift */ = {isa = PBXFileReference; lastKnownFileType = sourcecode.swift; path = RegistrationController.swift; sourceTree = "<group>"; };
		CDB3406F29A87A1F00D89820 /* Utilities.swift */ = {isa = PBXFileReference; lastKnownFileType = sourcecode.swift; path = Utilities.swift; sourceTree = "<group>"; };
		CDB3407129A894E000D89820 /* GoogleService-Info.plist */ = {isa = PBXFileReference; fileEncoding = 4; lastKnownFileType = text.plist.xml; path = "GoogleService-Info.plist"; sourceTree = "<group>"; };
		CDB3407A29A8A14400D89820 /* Constraints.swift */ = {isa = PBXFileReference; lastKnownFileType = sourcecode.swift; path = Constraints.swift; sourceTree = "<group>"; };
		CDB3407C29A8ADCB00D89820 /* AuthService.swift */ = {isa = PBXFileReference; lastKnownFileType = sourcecode.swift; path = AuthService.swift; sourceTree = "<group>"; };
		CDB3B5EE29AA6B44006E012B /* TweetCell.swift */ = {isa = PBXFileReference; lastKnownFileType = sourcecode.swift; path = TweetCell.swift; sourceTree = "<group>"; };
		CDB5853629AB435A00A4877B /* TweetViewModel.swift */ = {isa = PBXFileReference; lastKnownFileType = sourcecode.swift; path = TweetViewModel.swift; sourceTree = "<group>"; };
		CDB5853829AB4BB100A4877B /* ProfileController.swift */ = {isa = PBXFileReference; lastKnownFileType = sourcecode.swift; path = ProfileController.swift; sourceTree = "<group>"; };
		CDB5853A29AB517E00A4877B /* ProfileHeader.swift */ = {isa = PBXFileReference; lastKnownFileType = sourcecode.swift; path = ProfileHeader.swift; sourceTree = "<group>"; };
		CDB5853F29AB96E700A4877B /* ProfileFilterView.swift */ = {isa = PBXFileReference; lastKnownFileType = sourcecode.swift; path = ProfileFilterView.swift; sourceTree = "<group>"; };
		CDB5854129AB990700A4877B /* ProfileFilterCell.swift */ = {isa = PBXFileReference; lastKnownFileType = sourcecode.swift; path = ProfileFilterCell.swift; sourceTree = "<group>"; };
		CDB5854329ABA2B700A4877B /* ProfileHeaderViewModel.swift */ = {isa = PBXFileReference; lastKnownFileType = sourcecode.swift; path = ProfileHeaderViewModel.swift; sourceTree = "<group>"; };
		CDE7B44F29A8DAF200E249A0 /* UserService.swift */ = {isa = PBXFileReference; lastKnownFileType = sourcecode.swift; path = UserService.swift; sourceTree = "<group>"; };
		CDE7B45129A8DF3F00E249A0 /* User.swift */ = {isa = PBXFileReference; lastKnownFileType = sourcecode.swift; path = User.swift; sourceTree = "<group>"; };
		CDE7B45629A8E8BE00E249A0 /* UploadTweetController.swift */ = {isa = PBXFileReference; lastKnownFileType = sourcecode.swift; path = UploadTweetController.swift; sourceTree = "<group>"; };
		CDE7B45829A90CEE00E249A0 /* CaptionTextView.swift */ = {isa = PBXFileReference; lastKnownFileType = sourcecode.swift; path = CaptionTextView.swift; sourceTree = "<group>"; };
		CDE7B45A29A91BFF00E249A0 /* TweetService.swift */ = {isa = PBXFileReference; lastKnownFileType = sourcecode.swift; path = TweetService.swift; sourceTree = "<group>"; };
		CDE7B45C29A91ED800E249A0 /* Tweet.swift */ = {isa = PBXFileReference; lastKnownFileType = sourcecode.swift; path = Tweet.swift; sourceTree = "<group>"; };
/* End PBXFileReference section */

/* Begin PBXFrameworksBuildPhase section */
		CD884AA929A85CD900891BE8 /* Frameworks */ = {
			isa = PBXFrameworksBuildPhase;
			buildActionMask = 2147483647;
			files = (
				CDB3407729A8965700D89820 /* FirebaseDatabase in Frameworks */,
				CDB5853E29AB86F700A4877B /* Then in Frameworks */,
				CDB3407929A8965800D89820 /* FirebaseStorage in Frameworks */,
				CDB3406829A86F8F00D89820 /* SnapKit in Frameworks */,
				CDB3407529A8965700D89820 /* FirebaseAuth in Frameworks */,
				CDE7B45529A8E37400E249A0 /* Kingfisher in Frameworks */,
			);
			runOnlyForDeploymentPostprocessing = 0;
		};
/* End PBXFrameworksBuildPhase section */

/* Begin PBXGroup section */
		CD884AA329A85CD900891BE8 = {
			isa = PBXGroup;
			children = (
				CD884AAE29A85CD900891BE8 /* TwitterTutorial */,
				CD884AAD29A85CD900891BE8 /* Products */,
			);
			sourceTree = "<group>";
		};
		CD884AAD29A85CD900891BE8 /* Products */ = {
			isa = PBXGroup;
			children = (
				CD884AAC29A85CD900891BE8 /* TwitterTutorial.app */,
			);
			name = Products;
			sourceTree = "<group>";
		};
		CD884AAE29A85CD900891BE8 /* TwitterTutorial */ = {
			isa = PBXGroup;
			children = (
				CDB3405029A85D3D00D89820 /* Model */,
				CDB1EB1629ACCFCF004D474A /* Explore */,
				CDB1EB1529ACCEC0004D474A /* Tweet */,
				CDB1EB0D29ACC1F8004D474A /* Profile */,
				CDB3404F29A85D3A00D89820 /* View */,
				CDB3404D29A85D3600D89820 /* Controllers */,
				CDB3404B29A85D1A00D89820 /* API */,
				CDB3405129A85D5900D89820 /* Utils */,
				CD884AAF29A85CD900891BE8 /* AppDelegate.swift */,
				CD884AB129A85CD900891BE8 /* SceneDelegate.swift */,
				CD884AB829A85CDA00891BE8 /* Assets.xcassets */,
				CD884ABA29A85CDA00891BE8 /* LaunchScreen.storyboard */,
				CD884ABD29A85CDA00891BE8 /* Info.plist */,
				CDB3407129A894E000D89820 /* GoogleService-Info.plist */,
			);
			path = TwitterTutorial;
			sourceTree = "<group>";
		};
		CDB1EB0D29ACC1F8004D474A /* Profile */ = {
			isa = PBXGroup;
			children = (
				CDB1EB0F29ACC214004D474A /* View */,
				CDB1EB1029ACC217004D474A /* ViewModel */,
			);
			path = Profile;
			sourceTree = "<group>";
		};
		CDB1EB0F29ACC214004D474A /* View */ = {
			isa = PBXGroup;
			children = (
				CDB5853829AB4BB100A4877B /* ProfileController.swift */,
				CDB5853A29AB517E00A4877B /* ProfileHeader.swift */,
				CDB5853F29AB96E700A4877B /* ProfileFilterView.swift */,
				CDB5854129AB990700A4877B /* ProfileFilterCell.swift */,
			);
			path = View;
			sourceTree = "<group>";
		};
		CDB1EB1029ACC217004D474A /* ViewModel */ = {
			isa = PBXGroup;
			children = (
				CDB5854329ABA2B700A4877B /* ProfileHeaderViewModel.swift */,
				CDB1EB1329ACC40F004D474A /* ProfileViewModel.swift */,
			);
			path = ViewModel;
			sourceTree = "<group>";
		};
		CDB1EB1529ACCEC0004D474A /* Tweet */ = {
			isa = PBXGroup;
			children = (
				CDB1EB1D29ACE33F004D474A /* View */,
				CDB1EB1E29ACE345004D474A /* ViewModel */,
			);
			path = Tweet;
			sourceTree = "<group>";
		};
		CDB1EB1629ACCFCF004D474A /* Explore */ = {
			isa = PBXGroup;
			children = (
				CDB1EB1B29ACE1B5004D474A /* View */,
				CDB1EB1C29ACE1B9004D474A /* ViewModel */,
			);
			path = Explore;
			sourceTree = "<group>";
		};
		CDB1EB1B29ACE1B5004D474A /* View */ = {
			isa = PBXGroup;
			children = (
				CDB3405629A85F7800D89820 /* ExploreController.swift */,
				CDB1EB0B29AC5581004D474A /* UserCell.swift */,
			);
			path = View;
			sourceTree = "<group>";
		};
		CDB1EB1C29ACE1B9004D474A /* ViewModel */ = {
			isa = PBXGroup;
			children = (
				CDB1EB1729ACCFDD004D474A /* ExploreViewModel.swift */,
			);
			path = ViewModel;
			sourceTree = "<group>";
		};
		CDB1EB1D29ACE33F004D474A /* View */ = {
			isa = PBXGroup;
			children = (
				CDB3B5EE29AA6B44006E012B /* TweetCell.swift */,
				CDB1EB1F29ACE6B7004D474A /* TweetController.swift */,
				CDB1EB2329ACE954004D474A /* TweetHeader.swift */,
			);
			path = View;
			sourceTree = "<group>";
		};
		CDB1EB1E29ACE345004D474A /* ViewModel */ = {
			isa = PBXGroup;
			children = (
				CDB5853629AB435A00A4877B /* TweetViewModel.swift */,
			);
			path = ViewModel;
			sourceTree = "<group>";
		};
		CDB3404B29A85D1A00D89820 /* API */ = {
			isa = PBXGroup;
			children = (
				CDB3407C29A8ADCB00D89820 /* AuthService.swift */,
				CDE7B44F29A8DAF200E249A0 /* UserService.swift */,
				CDE7B45A29A91BFF00E249A0 /* TweetService.swift */,
			);
			path = API;
			sourceTree = "<group>";
		};
		CDB3404D29A85D3600D89820 /* Controllers */ = {
			isa = PBXGroup;
			children = (
				CDB3406929A874A300D89820 /* Authentication */,
				CDB3405229A85DDF00D89820 /* MainTabController.swift */,
				CDB3405429A85F5000D89820 /* FeedController.swift */,
				CDB3405829A85F8800D89820 /* NotificationsController.swift */,
				CDB3405A29A85F9000D89820 /* ConversationsController.swift */,
				CDE7B45629A8E8BE00E249A0 /* UploadTweetController.swift */,
			);
			path = Controllers;
			sourceTree = "<group>";
		};
		CDB3404F29A85D3A00D89820 /* View */ = {
			isa = PBXGroup;
			children = (
				CDE7B45829A90CEE00E249A0 /* CaptionTextView.swift */,
			);
			path = View;
			sourceTree = "<group>";
		};
		CDB3405029A85D3D00D89820 /* Model */ = {
			isa = PBXGroup;
			children = (
				CDE7B45129A8DF3F00E249A0 /* User.swift */,
				CDE7B45C29A91ED800E249A0 /* Tweet.swift */,
			);
			path = Model;
			sourceTree = "<group>";
		};
		CDB3405129A85D5900D89820 /* Utils */ = {
			isa = PBXGroup;
			children = (
				CDB3405C29A86B4F00D89820 /* Extensions.swift */,
				CDB3406F29A87A1F00D89820 /* Utilities.swift */,
				CDB3407A29A8A14400D89820 /* Constraints.swift */,
			);
			path = Utils;
			sourceTree = "<group>";
		};
		CDB3406929A874A300D89820 /* Authentication */ = {
			isa = PBXGroup;
			children = (
				CDB3406A29A874BA00D89820 /* LoginController.swift */,
				CDB3406D29A8751300D89820 /* RegistrationController.swift */,
			);
			path = Authentication;
			sourceTree = "<group>";
		};
/* End PBXGroup section */

/* Begin PBXNativeTarget section */
		CD884AAB29A85CD900891BE8 /* TwitterTutorial */ = {
			isa = PBXNativeTarget;
			buildConfigurationList = CD884AC029A85CDA00891BE8 /* Build configuration list for PBXNativeTarget "TwitterTutorial" */;
			buildPhases = (
				CD884AA829A85CD900891BE8 /* Sources */,
				CD884AA929A85CD900891BE8 /* Frameworks */,
				CD884AAA29A85CD900891BE8 /* Resources */,
			);
			buildRules = (
			);
			dependencies = (
			);
			name = TwitterTutorial;
			packageProductDependencies = (
				CDB3406729A86F8F00D89820 /* SnapKit */,
				CDB3407429A8965700D89820 /* FirebaseAuth */,
				CDB3407629A8965700D89820 /* FirebaseDatabase */,
				CDB3407829A8965800D89820 /* FirebaseStorage */,
				CDE7B45429A8E37400E249A0 /* Kingfisher */,
				CDB5853D29AB86F700A4877B /* Then */,
			);
			productName = TwitterTutorial;
			productReference = CD884AAC29A85CD900891BE8 /* TwitterTutorial.app */;
			productType = "com.apple.product-type.application";
		};
/* End PBXNativeTarget section */

/* Begin PBXProject section */
		CD884AA429A85CD900891BE8 /* Project object */ = {
			isa = PBXProject;
			attributes = {
				BuildIndependentTargetsInParallel = 1;
				LastSwiftUpdateCheck = 1420;
				LastUpgradeCheck = 1420;
				TargetAttributes = {
					CD884AAB29A85CD900891BE8 = {
						CreatedOnToolsVersion = 14.2;
					};
				};
			};
			buildConfigurationList = CD884AA729A85CD900891BE8 /* Build configuration list for PBXProject "TwitterTutorial" */;
			compatibilityVersion = "Xcode 14.0";
			developmentRegion = en;
			hasScannedForEncodings = 0;
			knownRegions = (
				en,
				Base,
			);
			mainGroup = CD884AA329A85CD900891BE8;
			packageReferences = (
				CDB3406629A86F8F00D89820 /* XCRemoteSwiftPackageReference "SnapKit" */,
				CDB3407329A8965700D89820 /* XCRemoteSwiftPackageReference "firebase-ios-sdk" */,
				CDE7B45329A8E37400E249A0 /* XCRemoteSwiftPackageReference "Kingfisher" */,
				CDB5853C29AB86F700A4877B /* XCRemoteSwiftPackageReference "Then" */,
			);
			productRefGroup = CD884AAD29A85CD900891BE8 /* Products */;
			projectDirPath = "";
			projectRoot = "";
			targets = (
				CD884AAB29A85CD900891BE8 /* TwitterTutorial */,
			);
		};
/* End PBXProject section */

/* Begin PBXResourcesBuildPhase section */
		CD884AAA29A85CD900891BE8 /* Resources */ = {
			isa = PBXResourcesBuildPhase;
			buildActionMask = 2147483647;
			files = (
				CD884ABC29A85CDA00891BE8 /* LaunchScreen.storyboard in Resources */,
				CDB3407229A894E000D89820 /* GoogleService-Info.plist in Resources */,
				CD884AB929A85CDA00891BE8 /* Assets.xcassets in Resources */,
			);
			runOnlyForDeploymentPostprocessing = 0;
		};
/* End PBXResourcesBuildPhase section */

/* Begin PBXSourcesBuildPhase section */
		CD884AA829A85CD900891BE8 /* Sources */ = {
			isa = PBXSourcesBuildPhase;
			buildActionMask = 2147483647;
			files = (
				CDE7B45029A8DAF200E249A0 /* UserService.swift in Sources */,
				CDB3405929A85F8800D89820 /* NotificationsController.swift in Sources */,
				CDE7B45929A90CEE00E249A0 /* CaptionTextView.swift in Sources */,
				CDB5854229AB990700A4877B /* ProfileFilterCell.swift in Sources */,
				CDB3405B29A85F9000D89820 /* ConversationsController.swift in Sources */,
				CDB1EB0C29AC5581004D474A /* UserCell.swift in Sources */,
				CDB1EB1429ACC40F004D474A /* ProfileViewModel.swift in Sources */,
				CDB3407029A87A1F00D89820 /* Utilities.swift in Sources */,
				CD884AB029A85CD900891BE8 /* AppDelegate.swift in Sources */,
				CDB3407B29A8A14400D89820 /* Constraints.swift in Sources */,
				CDB5853929AB4BB100A4877B /* ProfileController.swift in Sources */,
				CDB5853B29AB517E00A4877B /* ProfileHeader.swift in Sources */,
				CDB1EB1829ACCFDD004D474A /* ExploreViewModel.swift in Sources */,
				CDB3B5EF29AA6B44006E012B /* TweetCell.swift in Sources */,
				CDB3405D29A86B4F00D89820 /* Extensions.swift in Sources */,
				CDB3407D29A8ADCB00D89820 /* AuthService.swift in Sources */,
				CDB5854429ABA2B700A4877B /* ProfileHeaderViewModel.swift in Sources */,
				CDE7B45729A8E8BE00E249A0 /* UploadTweetController.swift in Sources */,
				CDE7B45229A8DF3F00E249A0 /* User.swift in Sources */,
				CDB3406B29A874BA00D89820 /* LoginController.swift in Sources */,
				CDB3405729A85F7800D89820 /* ExploreController.swift in Sources */,
				CD884AB229A85CD900891BE8 /* SceneDelegate.swift in Sources */,
				CDB5853729AB435A00A4877B /* TweetViewModel.swift in Sources */,
				CDB3405329A85DDF00D89820 /* MainTabController.swift in Sources */,
				CDB3406E29A8751300D89820 /* RegistrationController.swift in Sources */,
				CDB5854029AB96E700A4877B /* ProfileFilterView.swift in Sources */,
				CDB3405529A85F5000D89820 /* FeedController.swift in Sources */,
				CDE7B45D29A91ED800E249A0 /* Tweet.swift in Sources */,
				CDE7B45B29A91BFF00E249A0 /* TweetService.swift in Sources */,
				CDB1EB2429ACE954004D474A /* TweetHeader.swift in Sources */,
				CDB1EB2029ACE6B7004D474A /* TweetController.swift in Sources */,
			);
			runOnlyForDeploymentPostprocessing = 0;
		};
/* End PBXSourcesBuildPhase section */

/* Begin PBXVariantGroup section */
		CD884ABA29A85CDA00891BE8 /* LaunchScreen.storyboard */ = {
			isa = PBXVariantGroup;
			children = (
				CD884ABB29A85CDA00891BE8 /* Base */,
			);
			name = LaunchScreen.storyboard;
			sourceTree = "<group>";
		};
/* End PBXVariantGroup section */

/* Begin XCBuildConfiguration section */
		CD884ABE29A85CDA00891BE8 /* Debug */ = {
			isa = XCBuildConfiguration;
			buildSettings = {
				ALWAYS_SEARCH_USER_PATHS = NO;
				CLANG_ANALYZER_NONNULL = YES;
				CLANG_ANALYZER_NUMBER_OBJECT_CONVERSION = YES_AGGRESSIVE;
				CLANG_CXX_LANGUAGE_STANDARD = "gnu++20";
				CLANG_ENABLE_MODULES = YES;
				CLANG_ENABLE_OBJC_ARC = YES;
				CLANG_ENABLE_OBJC_WEAK = YES;
				CLANG_WARN_BLOCK_CAPTURE_AUTORELEASING = YES;
				CLANG_WARN_BOOL_CONVERSION = YES;
				CLANG_WARN_COMMA = YES;
				CLANG_WARN_CONSTANT_CONVERSION = YES;
				CLANG_WARN_DEPRECATED_OBJC_IMPLEMENTATIONS = YES;
				CLANG_WARN_DIRECT_OBJC_ISA_USAGE = YES_ERROR;
				CLANG_WARN_DOCUMENTATION_COMMENTS = YES;
				CLANG_WARN_EMPTY_BODY = YES;
				CLANG_WARN_ENUM_CONVERSION = YES;
				CLANG_WARN_INFINITE_RECURSION = YES;
				CLANG_WARN_INT_CONVERSION = YES;
				CLANG_WARN_NON_LITERAL_NULL_CONVERSION = YES;
				CLANG_WARN_OBJC_IMPLICIT_RETAIN_SELF = YES;
				CLANG_WARN_OBJC_LITERAL_CONVERSION = YES;
				CLANG_WARN_OBJC_ROOT_CLASS = YES_ERROR;
				CLANG_WARN_QUOTED_INCLUDE_IN_FRAMEWORK_HEADER = YES;
				CLANG_WARN_RANGE_LOOP_ANALYSIS = YES;
				CLANG_WARN_STRICT_PROTOTYPES = YES;
				CLANG_WARN_SUSPICIOUS_MOVE = YES;
				CLANG_WARN_UNGUARDED_AVAILABILITY = YES_AGGRESSIVE;
				CLANG_WARN_UNREACHABLE_CODE = YES;
				CLANG_WARN__DUPLICATE_METHOD_MATCH = YES;
				COPY_PHASE_STRIP = NO;
				DEBUG_INFORMATION_FORMAT = dwarf;
				ENABLE_STRICT_OBJC_MSGSEND = YES;
				ENABLE_TESTABILITY = YES;
				GCC_C_LANGUAGE_STANDARD = gnu11;
				GCC_DYNAMIC_NO_PIC = NO;
				GCC_NO_COMMON_BLOCKS = YES;
				GCC_OPTIMIZATION_LEVEL = 0;
				GCC_PREPROCESSOR_DEFINITIONS = (
					"DEBUG=1",
					"$(inherited)",
				);
				GCC_WARN_64_TO_32_BIT_CONVERSION = YES;
				GCC_WARN_ABOUT_RETURN_TYPE = YES_ERROR;
				GCC_WARN_UNDECLARED_SELECTOR = YES;
				GCC_WARN_UNINITIALIZED_AUTOS = YES_AGGRESSIVE;
				GCC_WARN_UNUSED_FUNCTION = YES;
				GCC_WARN_UNUSED_VARIABLE = YES;
				IPHONEOS_DEPLOYMENT_TARGET = 14.0;
				MTL_ENABLE_DEBUG_INFO = INCLUDE_SOURCE;
				MTL_FAST_MATH = YES;
				ONLY_ACTIVE_ARCH = YES;
				SDKROOT = iphoneos;
				SWIFT_ACTIVE_COMPILATION_CONDITIONS = DEBUG;
				SWIFT_OPTIMIZATION_LEVEL = "-Onone";
			};
			name = Debug;
		};
		CD884ABF29A85CDA00891BE8 /* Release */ = {
			isa = XCBuildConfiguration;
			buildSettings = {
				ALWAYS_SEARCH_USER_PATHS = NO;
				CLANG_ANALYZER_NONNULL = YES;
				CLANG_ANALYZER_NUMBER_OBJECT_CONVERSION = YES_AGGRESSIVE;
				CLANG_CXX_LANGUAGE_STANDARD = "gnu++20";
				CLANG_ENABLE_MODULES = YES;
				CLANG_ENABLE_OBJC_ARC = YES;
				CLANG_ENABLE_OBJC_WEAK = YES;
				CLANG_WARN_BLOCK_CAPTURE_AUTORELEASING = YES;
				CLANG_WARN_BOOL_CONVERSION = YES;
				CLANG_WARN_COMMA = YES;
				CLANG_WARN_CONSTANT_CONVERSION = YES;
				CLANG_WARN_DEPRECATED_OBJC_IMPLEMENTATIONS = YES;
				CLANG_WARN_DIRECT_OBJC_ISA_USAGE = YES_ERROR;
				CLANG_WARN_DOCUMENTATION_COMMENTS = YES;
				CLANG_WARN_EMPTY_BODY = YES;
				CLANG_WARN_ENUM_CONVERSION = YES;
				CLANG_WARN_INFINITE_RECURSION = YES;
				CLANG_WARN_INT_CONVERSION = YES;
				CLANG_WARN_NON_LITERAL_NULL_CONVERSION = YES;
				CLANG_WARN_OBJC_IMPLICIT_RETAIN_SELF = YES;
				CLANG_WARN_OBJC_LITERAL_CONVERSION = YES;
				CLANG_WARN_OBJC_ROOT_CLASS = YES_ERROR;
				CLANG_WARN_QUOTED_INCLUDE_IN_FRAMEWORK_HEADER = YES;
				CLANG_WARN_RANGE_LOOP_ANALYSIS = YES;
				CLANG_WARN_STRICT_PROTOTYPES = YES;
				CLANG_WARN_SUSPICIOUS_MOVE = YES;
				CLANG_WARN_UNGUARDED_AVAILABILITY = YES_AGGRESSIVE;
				CLANG_WARN_UNREACHABLE_CODE = YES;
				CLANG_WARN__DUPLICATE_METHOD_MATCH = YES;
				COPY_PHASE_STRIP = NO;
				DEBUG_INFORMATION_FORMAT = "dwarf-with-dsym";
				ENABLE_NS_ASSERTIONS = NO;
				ENABLE_STRICT_OBJC_MSGSEND = YES;
				GCC_C_LANGUAGE_STANDARD = gnu11;
				GCC_NO_COMMON_BLOCKS = YES;
				GCC_WARN_64_TO_32_BIT_CONVERSION = YES;
				GCC_WARN_ABOUT_RETURN_TYPE = YES_ERROR;
				GCC_WARN_UNDECLARED_SELECTOR = YES;
				GCC_WARN_UNINITIALIZED_AUTOS = YES_AGGRESSIVE;
				GCC_WARN_UNUSED_FUNCTION = YES;
				GCC_WARN_UNUSED_VARIABLE = YES;
				IPHONEOS_DEPLOYMENT_TARGET = 14.0;
				MTL_ENABLE_DEBUG_INFO = NO;
				MTL_FAST_MATH = YES;
				SDKROOT = iphoneos;
				SWIFT_COMPILATION_MODE = wholemodule;
				SWIFT_OPTIMIZATION_LEVEL = "-O";
				VALIDATE_PRODUCT = YES;
			};
			name = Release;
		};
		CD884AC129A85CDA00891BE8 /* Debug */ = {
			isa = XCBuildConfiguration;
			buildSettings = {
				ASSETCATALOG_COMPILER_APPICON_NAME = AppIcon;
				ASSETCATALOG_COMPILER_GLOBAL_ACCENT_COLOR_NAME = AccentColor;
				CODE_SIGN_STYLE = Automatic;
				CURRENT_PROJECT_VERSION = 1;
				DEVELOPMENT_TEAM = 846TMZL7WC;
				GENERATE_INFOPLIST_FILE = YES;
				INFOPLIST_FILE = TwitterTutorial/Info.plist;
				INFOPLIST_KEY_UIApplicationSupportsIndirectInputEvents = YES;
				INFOPLIST_KEY_UILaunchStoryboardName = LaunchScreen;
				INFOPLIST_KEY_UISupportedInterfaceOrientations_iPad = "UIInterfaceOrientationPortrait UIInterfaceOrientationPortraitUpsideDown UIInterfaceOrientationLandscapeLeft UIInterfaceOrientationLandscapeRight";
				INFOPLIST_KEY_UISupportedInterfaceOrientations_iPhone = "UIInterfaceOrientationPortrait UIInterfaceOrientationLandscapeLeft UIInterfaceOrientationLandscapeRight";
				IPHONEOS_DEPLOYMENT_TARGET = 14.0;
				LD_RUNPATH_SEARCH_PATHS = (
					"$(inherited)",
					"@executable_path/Frameworks",
				);
				MARKETING_VERSION = 1.0;
				PRODUCT_BUNDLE_IDENTIFIER = com.jisuKim.TwitterTutorial;
				PRODUCT_NAME = "$(TARGET_NAME)";
				SWIFT_EMIT_LOC_STRINGS = YES;
				SWIFT_VERSION = 5.0;
				TARGETED_DEVICE_FAMILY = "1,2";
			};
			name = Debug;
		};
		CD884AC229A85CDA00891BE8 /* Release */ = {
			isa = XCBuildConfiguration;
			buildSettings = {
				ASSETCATALOG_COMPILER_APPICON_NAME = AppIcon;
				ASSETCATALOG_COMPILER_GLOBAL_ACCENT_COLOR_NAME = AccentColor;
				CODE_SIGN_STYLE = Automatic;
				CURRENT_PROJECT_VERSION = 1;
				DEVELOPMENT_TEAM = 846TMZL7WC;
				GENERATE_INFOPLIST_FILE = YES;
				INFOPLIST_FILE = TwitterTutorial/Info.plist;
				INFOPLIST_KEY_UIApplicationSupportsIndirectInputEvents = YES;
				INFOPLIST_KEY_UILaunchStoryboardName = LaunchScreen;
				INFOPLIST_KEY_UISupportedInterfaceOrientations_iPad = "UIInterfaceOrientationPortrait UIInterfaceOrientationPortraitUpsideDown UIInterfaceOrientationLandscapeLeft UIInterfaceOrientationLandscapeRight";
				INFOPLIST_KEY_UISupportedInterfaceOrientations_iPhone = "UIInterfaceOrientationPortrait UIInterfaceOrientationLandscapeLeft UIInterfaceOrientationLandscapeRight";
				IPHONEOS_DEPLOYMENT_TARGET = 14.0;
				LD_RUNPATH_SEARCH_PATHS = (
					"$(inherited)",
					"@executable_path/Frameworks",
				);
				MARKETING_VERSION = 1.0;
				PRODUCT_BUNDLE_IDENTIFIER = com.jisuKim.TwitterTutorial;
				PRODUCT_NAME = "$(TARGET_NAME)";
				SWIFT_EMIT_LOC_STRINGS = YES;
				SWIFT_VERSION = 5.0;
				TARGETED_DEVICE_FAMILY = "1,2";
			};
			name = Release;
		};
/* End XCBuildConfiguration section */

/* Begin XCConfigurationList section */
		CD884AA729A85CD900891BE8 /* Build configuration list for PBXProject "TwitterTutorial" */ = {
			isa = XCConfigurationList;
			buildConfigurations = (
				CD884ABE29A85CDA00891BE8 /* Debug */,
				CD884ABF29A85CDA00891BE8 /* Release */,
			);
			defaultConfigurationIsVisible = 0;
			defaultConfigurationName = Release;
		};
		CD884AC029A85CDA00891BE8 /* Build configuration list for PBXNativeTarget "TwitterTutorial" */ = {
			isa = XCConfigurationList;
			buildConfigurations = (
				CD884AC129A85CDA00891BE8 /* Debug */,
				CD884AC229A85CDA00891BE8 /* Release */,
			);
			defaultConfigurationIsVisible = 0;
			defaultConfigurationName = Release;
		};
/* End XCConfigurationList section */

/* Begin XCRemoteSwiftPackageReference section */
		CDB3406629A86F8F00D89820 /* XCRemoteSwiftPackageReference "SnapKit" */ = {
			isa = XCRemoteSwiftPackageReference;
			repositoryURL = "https://github.com/SnapKit/SnapKit.git";
			requirement = {
				kind = upToNextMajorVersion;
				minimumVersion = 5.0.0;
			};
		};
		CDB3407329A8965700D89820 /* XCRemoteSwiftPackageReference "firebase-ios-sdk" */ = {
			isa = XCRemoteSwiftPackageReference;
			repositoryURL = "https://github.com/firebase/firebase-ios-sdk";
			requirement = {
				kind = upToNextMajorVersion;
				minimumVersion = 9.0.0;
			};
		};
		CDB5853C29AB86F700A4877B /* XCRemoteSwiftPackageReference "Then" */ = {
			isa = XCRemoteSwiftPackageReference;
			repositoryURL = "https://github.com/devxoul/Then.git";
			requirement = {
				kind = upToNextMajorVersion;
				minimumVersion = 3.0.0;
			};
		};
		CDE7B45329A8E37400E249A0 /* XCRemoteSwiftPackageReference "Kingfisher" */ = {
			isa = XCRemoteSwiftPackageReference;
			repositoryURL = "https://github.com/onevcat/Kingfisher";
			requirement = {
				kind = upToNextMajorVersion;
				minimumVersion = 7.0.0;
			};
		};
/* End XCRemoteSwiftPackageReference section */

/* Begin XCSwiftPackageProductDependency section */
		CDB3406729A86F8F00D89820 /* SnapKit */ = {
			isa = XCSwiftPackageProductDependency;
			package = CDB3406629A86F8F00D89820 /* XCRemoteSwiftPackageReference "SnapKit" */;
			productName = SnapKit;
		};
		CDB3407429A8965700D89820 /* FirebaseAuth */ = {
			isa = XCSwiftPackageProductDependency;
			package = CDB3407329A8965700D89820 /* XCRemoteSwiftPackageReference "firebase-ios-sdk" */;
			productName = FirebaseAuth;
		};
		CDB3407629A8965700D89820 /* FirebaseDatabase */ = {
			isa = XCSwiftPackageProductDependency;
			package = CDB3407329A8965700D89820 /* XCRemoteSwiftPackageReference "firebase-ios-sdk" */;
			productName = FirebaseDatabase;
		};
		CDB3407829A8965800D89820 /* FirebaseStorage */ = {
			isa = XCSwiftPackageProductDependency;
			package = CDB3407329A8965700D89820 /* XCRemoteSwiftPackageReference "firebase-ios-sdk" */;
			productName = FirebaseStorage;
		};
		CDB5853D29AB86F700A4877B /* Then */ = {
			isa = XCSwiftPackageProductDependency;
			package = CDB5853C29AB86F700A4877B /* XCRemoteSwiftPackageReference "Then" */;
			productName = Then;
		};
		CDE7B45429A8E37400E249A0 /* Kingfisher */ = {
			isa = XCSwiftPackageProductDependency;
			package = CDE7B45329A8E37400E249A0 /* XCRemoteSwiftPackageReference "Kingfisher" */;
			productName = Kingfisher;
		};
/* End XCSwiftPackageProductDependency section */
	};
	rootObject = CD884AA429A85CD900891BE8 /* Project object */;
}
